
Microsoft Visual Studio Solution File, Format Version 12.00
# Visual Studio Version 17
VisualStudioVersion = 17.4.33403.182
MinimumVisualStudioVersion = 10.0.40219.1
Project("{FAE04EC0-301F-11D3-BF4B-00C04F79EFBC}") = "Contact", "Contact\Contact.csproj", "{AAAF119F-FB0C-4872-B20E-08A55BD10854}"
EndProject
Global
	GlobalSection(SolutionConfigurationPlatforms) = preSolution
		Debug|Any CPU = Debug|Any CPU
		Release|Any CPU = Release|Any CPU
	EndGlobalSection
	GlobalSection(ProjectConfigurationPlatforms) = postSolution
		{AAAF119F-FB0C-4872-B20E-08A55BD10854}.Debug|Any CPU.ActiveCfg = Debug|Any CPU
		{AAAF119F-FB0C-4872-B20E-08A55BD10854}.Debug|Any CPU.Build.0 = Debug|Any CPU
		{AAAF119F-FB0C-4872-B20E-08A55BD10854}.Release|Any CPU.ActiveCfg = Release|Any CPU
		{AAAF119F-FB0C-4872-B20E-08A55BD10854}.Release|Any CPU.Build.0 = Release|Any CPU
	EndGlobalSection
	GlobalSection(SolutionProperties) = preSolution
		HideSolutionNode = FALSE
	EndGlobalSection
	GlobalSection(ExtensibilityGlobals) = postSolution
		SolutionGuid = {64C86895-1A18-43F0-8690-9423E8A34689}
	EndGlobalSection
EndGlobal
